
Microsoft Visual Studio Solution File, Format Version 12.00
# Visual Studio Version 16
VisualStudioVersion = 16.0.30621.155
MinimumVisualStudioVersion = 10.0.40219.1
Project("{FAE04EC0-301F-11D3-BF4B-00C04F79EFBC}") = "Toolr", "Toolr\Toolr.csproj", "{6327A4BB-8913-4F4D-BDF3-BE8AA6BAD065}"
EndProject
Global
	GlobalSection(SolutionConfigurationPlatforms) = preSolution
		Debug|Any CPU = Debug|Any CPU
		Release|Any CPU = Release|Any CPU
	EndGlobalSection
	GlobalSection(ProjectConfigurationPlatforms) = postSolution
		{6327A4BB-8913-4F4D-BDF3-BE8AA6BAD065}.Debug|Any CPU.ActiveCfg = Debug|x64
		{6327A4BB-8913-4F4D-BDF3-BE8AA6BAD065}.Debug|Any CPU.Build.0 = Debug|x64
		{6327A4BB-8913-4F4D-BDF3-BE8AA6BAD065}.Release|Any CPU.ActiveCfg = Release|Any CPU
		{6327A4BB-8913-4F4D-BDF3-BE8AA6BAD065}.Release|Any CPU.Build.0 = Release|Any CPU
	EndGlobalSection
	GlobalSection(SolutionProperties) = preSolution
		HideSolutionNode = FALSE
	EndGlobalSection
	GlobalSection(ExtensibilityGlobals) = postSolution
		SolutionGuid = {AEFDB3BC-F267-4DE0-9311-73DE214EBEFB}
	EndGlobalSection
EndGlobal
