
Microsoft Visual Studio Solution File, Format Version 12.00
# Visual Studio Version 16
VisualStudioVersion = 16.0.30621.155
MinimumVisualStudioVersion = 10.0.40219.1
Project("{FAE04EC0-301F-11D3-BF4B-00C04F79EFBC}") = "Toolr", "Toolr\Toolr.csproj", "{6327A4BB-8913-4F4D-BDF3-BE8AA6BAD065}"
EndProject
Project("{FAE04EC0-301F-11D3-BF4B-00C04F79EFBC}") = "Parsel", "Parsel\Parsel.csproj", "{4C3B2308-778A-425F-9726-94E10F766ED4}"
EndProject
Project("{FAE04EC0-301F-11D3-BF4B-00C04F79EFBC}") = "Blamite", "..\Assembly\src\Blamite\Blamite.csproj", "{6B105AB9-84A0-4774-B319-75E9CAB3DB4B}"
EndProject
Project("{FAE04EC0-301F-11D3-BF4B-00C04F79EFBC}") = "TagTool", "..\TagTool\TagTool\TagTool.csproj", "{42814DEE-5A94-4901-BDA9-28AFD2D4F5AC}"
EndProject
Project("{FAE04EC0-301F-11D3-BF4B-00C04F79EFBC}") = "HaloShaderGenerator", "..\TagTool\ShaderGenerator\HaloShaderGenerator\HaloShaderGenerator.csproj", "{17BFEFFB-1619-4647-BA40-3CD1D87FD774}"
EndProject
Global
	GlobalSection(SolutionConfigurationPlatforms) = preSolution
		Debug|Any CPU = Debug|Any CPU
		Debug|x64 = Debug|x64
		Debug|x86 = Debug|x86
		Release|Any CPU = Release|Any CPU
		Release|x64 = Release|x64
		Release|x86 = Release|x86
		test|Any CPU = test|Any CPU
		test|x64 = test|x64
		test|x86 = test|x86
	EndGlobalSection
	GlobalSection(ProjectConfigurationPlatforms) = postSolution
		{6327A4BB-8913-4F4D-BDF3-BE8AA6BAD065}.Debug|Any CPU.ActiveCfg = Debug|x64
		{6327A4BB-8913-4F4D-BDF3-BE8AA6BAD065}.Debug|Any CPU.Build.0 = Debug|x64
		{6327A4BB-8913-4F4D-BDF3-BE8AA6BAD065}.Debug|x64.ActiveCfg = Debug|x64
		{6327A4BB-8913-4F4D-BDF3-BE8AA6BAD065}.Debug|x64.Build.0 = Debug|x64
		{6327A4BB-8913-4F4D-BDF3-BE8AA6BAD065}.Debug|x86.ActiveCfg = Debug|x86
		{6327A4BB-8913-4F4D-BDF3-BE8AA6BAD065}.Debug|x86.Build.0 = Debug|x86
		{6327A4BB-8913-4F4D-BDF3-BE8AA6BAD065}.Release|Any CPU.ActiveCfg = Release|Any CPU
		{6327A4BB-8913-4F4D-BDF3-BE8AA6BAD065}.Release|Any CPU.Build.0 = Release|Any CPU
		{6327A4BB-8913-4F4D-BDF3-BE8AA6BAD065}.Release|x64.ActiveCfg = Release|x64
		{6327A4BB-8913-4F4D-BDF3-BE8AA6BAD065}.Release|x64.Build.0 = Release|x64
		{6327A4BB-8913-4F4D-BDF3-BE8AA6BAD065}.Release|x86.ActiveCfg = Release|x86
		{6327A4BB-8913-4F4D-BDF3-BE8AA6BAD065}.Release|x86.Build.0 = Release|x86
		{6327A4BB-8913-4F4D-BDF3-BE8AA6BAD065}.test|Any CPU.ActiveCfg = test|Any CPU
		{6327A4BB-8913-4F4D-BDF3-BE8AA6BAD065}.test|Any CPU.Build.0 = test|Any CPU
		{6327A4BB-8913-4F4D-BDF3-BE8AA6BAD065}.test|x64.ActiveCfg = test|x64
		{6327A4BB-8913-4F4D-BDF3-BE8AA6BAD065}.test|x64.Build.0 = test|x64
		{6327A4BB-8913-4F4D-BDF3-BE8AA6BAD065}.test|x86.ActiveCfg = test|x86
		{6327A4BB-8913-4F4D-BDF3-BE8AA6BAD065}.test|x86.Build.0 = test|x86
		{4C3B2308-778A-425F-9726-94E10F766ED4}.Debug|Any CPU.ActiveCfg = Debug|x64
		{4C3B2308-778A-425F-9726-94E10F766ED4}.Debug|Any CPU.Build.0 = Debug|x64
		{4C3B2308-778A-425F-9726-94E10F766ED4}.Debug|x64.ActiveCfg = Debug|x64
		{4C3B2308-778A-425F-9726-94E10F766ED4}.Debug|x64.Build.0 = Debug|x64
		{4C3B2308-778A-425F-9726-94E10F766ED4}.Debug|x86.ActiveCfg = Debug|x86
		{4C3B2308-778A-425F-9726-94E10F766ED4}.Debug|x86.Build.0 = Debug|x86
		{4C3B2308-778A-425F-9726-94E10F766ED4}.Release|Any CPU.ActiveCfg = Release|Any CPU
		{4C3B2308-778A-425F-9726-94E10F766ED4}.Release|Any CPU.Build.0 = Release|Any CPU
		{4C3B2308-778A-425F-9726-94E10F766ED4}.Release|x64.ActiveCfg = Release|x64
		{4C3B2308-778A-425F-9726-94E10F766ED4}.Release|x64.Build.0 = Release|x64
		{4C3B2308-778A-425F-9726-94E10F766ED4}.Release|x86.ActiveCfg = Release|x86
		{4C3B2308-778A-425F-9726-94E10F766ED4}.Release|x86.Build.0 = Release|x86
		{4C3B2308-778A-425F-9726-94E10F766ED4}.test|Any CPU.ActiveCfg = Debug|Any CPU
		{4C3B2308-778A-425F-9726-94E10F766ED4}.test|Any CPU.Build.0 = Debug|Any CPU
		{4C3B2308-778A-425F-9726-94E10F766ED4}.test|x64.ActiveCfg = Release|x64
		{4C3B2308-778A-425F-9726-94E10F766ED4}.test|x64.Build.0 = Release|x64
		{4C3B2308-778A-425F-9726-94E10F766ED4}.test|x86.ActiveCfg = Release|x86
		{4C3B2308-778A-425F-9726-94E10F766ED4}.test|x86.Build.0 = Release|x86
		{6B105AB9-84A0-4774-B319-75E9CAB3DB4B}.Debug|Any CPU.ActiveCfg = Debug|x64
		{6B105AB9-84A0-4774-B319-75E9CAB3DB4B}.Debug|Any CPU.Build.0 = Debug|x64
		{6B105AB9-84A0-4774-B319-75E9CAB3DB4B}.Debug|x64.ActiveCfg = Debug|x64
		{6B105AB9-84A0-4774-B319-75E9CAB3DB4B}.Debug|x64.Build.0 = Debug|x64
		{6B105AB9-84A0-4774-B319-75E9CAB3DB4B}.Debug|x86.ActiveCfg = Debug|x86
		{6B105AB9-84A0-4774-B319-75E9CAB3DB4B}.Debug|x86.Build.0 = Debug|x86
		{6B105AB9-84A0-4774-B319-75E9CAB3DB4B}.Release|Any CPU.ActiveCfg = Release|Any CPU
		{6B105AB9-84A0-4774-B319-75E9CAB3DB4B}.Release|Any CPU.Build.0 = Release|Any CPU
		{6B105AB9-84A0-4774-B319-75E9CAB3DB4B}.Release|x64.ActiveCfg = Release|x64
		{6B105AB9-84A0-4774-B319-75E9CAB3DB4B}.Release|x64.Build.0 = Release|x64
		{6B105AB9-84A0-4774-B319-75E9CAB3DB4B}.Release|x86.ActiveCfg = Release|x86
		{6B105AB9-84A0-4774-B319-75E9CAB3DB4B}.Release|x86.Build.0 = Release|x86
		{6B105AB9-84A0-4774-B319-75E9CAB3DB4B}.test|Any CPU.ActiveCfg = Debug|Any CPU
		{6B105AB9-84A0-4774-B319-75E9CAB3DB4B}.test|Any CPU.Build.0 = Debug|Any CPU
		{6B105AB9-84A0-4774-B319-75E9CAB3DB4B}.test|x64.ActiveCfg = Release|x64
		{6B105AB9-84A0-4774-B319-75E9CAB3DB4B}.test|x64.Build.0 = Release|x64
		{6B105AB9-84A0-4774-B319-75E9CAB3DB4B}.test|x86.ActiveCfg = Release|x86
		{6B105AB9-84A0-4774-B319-75E9CAB3DB4B}.test|x86.Build.0 = Release|x86
		{42814DEE-5A94-4901-BDA9-28AFD2D4F5AC}.Debug|Any CPU.ActiveCfg = Debug|Any CPU
		{42814DEE-5A94-4901-BDA9-28AFD2D4F5AC}.Debug|Any CPU.Build.0 = Debug|Any CPU
		{42814DEE-5A94-4901-BDA9-28AFD2D4F5AC}.Debug|x64.ActiveCfg = Debug|x64
		{42814DEE-5A94-4901-BDA9-28AFD2D4F5AC}.Debug|x64.Build.0 = Debug|x64
		{42814DEE-5A94-4901-BDA9-28AFD2D4F5AC}.Debug|x86.ActiveCfg = Debug|x86
		{42814DEE-5A94-4901-BDA9-28AFD2D4F5AC}.Debug|x86.Build.0 = Debug|x86
		{42814DEE-5A94-4901-BDA9-28AFD2D4F5AC}.Release|Any CPU.ActiveCfg = Release|Any CPU
		{42814DEE-5A94-4901-BDA9-28AFD2D4F5AC}.Release|Any CPU.Build.0 = Release|Any CPU
		{42814DEE-5A94-4901-BDA9-28AFD2D4F5AC}.Release|x64.ActiveCfg = Release|x64
		{42814DEE-5A94-4901-BDA9-28AFD2D4F5AC}.Release|x64.Build.0 = Release|x64
		{42814DEE-5A94-4901-BDA9-28AFD2D4F5AC}.Release|x86.ActiveCfg = Release|x86
		{42814DEE-5A94-4901-BDA9-28AFD2D4F5AC}.Release|x86.Build.0 = Release|x86
		{42814DEE-5A94-4901-BDA9-28AFD2D4F5AC}.test|Any CPU.ActiveCfg = test|Any CPU
		{42814DEE-5A94-4901-BDA9-28AFD2D4F5AC}.test|Any CPU.Build.0 = test|Any CPU
		{42814DEE-5A94-4901-BDA9-28AFD2D4F5AC}.test|x64.ActiveCfg = test|x64
		{42814DEE-5A94-4901-BDA9-28AFD2D4F5AC}.test|x64.Build.0 = test|x64
		{42814DEE-5A94-4901-BDA9-28AFD2D4F5AC}.test|x86.ActiveCfg = test|x86
		{42814DEE-5A94-4901-BDA9-28AFD2D4F5AC}.test|x86.Build.0 = test|x86
		{17BFEFFB-1619-4647-BA40-3CD1D87FD774}.Debug|Any CPU.ActiveCfg = Debug|Any CPU
		{17BFEFFB-1619-4647-BA40-3CD1D87FD774}.Debug|Any CPU.Build.0 = Debug|Any CPU
		{17BFEFFB-1619-4647-BA40-3CD1D87FD774}.Debug|x64.ActiveCfg = Debug|x64
		{17BFEFFB-1619-4647-BA40-3CD1D87FD774}.Debug|x64.Build.0 = Debug|x64
		{17BFEFFB-1619-4647-BA40-3CD1D87FD774}.Debug|x86.ActiveCfg = Debug|x86
		{17BFEFFB-1619-4647-BA40-3CD1D87FD774}.Debug|x86.Build.0 = Debug|x86
		{17BFEFFB-1619-4647-BA40-3CD1D87FD774}.Release|Any CPU.ActiveCfg = Release|Any CPU
		{17BFEFFB-1619-4647-BA40-3CD1D87FD774}.Release|Any CPU.Build.0 = Release|Any CPU
		{17BFEFFB-1619-4647-BA40-3CD1D87FD774}.Release|x64.ActiveCfg = Release|x64
		{17BFEFFB-1619-4647-BA40-3CD1D87FD774}.Release|x64.Build.0 = Release|x64
		{17BFEFFB-1619-4647-BA40-3CD1D87FD774}.Release|x86.ActiveCfg = Release|x86
		{17BFEFFB-1619-4647-BA40-3CD1D87FD774}.Release|x86.Build.0 = Release|x86
		{17BFEFFB-1619-4647-BA40-3CD1D87FD774}.test|Any CPU.ActiveCfg = test|Any CPU
		{17BFEFFB-1619-4647-BA40-3CD1D87FD774}.test|Any CPU.Build.0 = test|Any CPU
		{17BFEFFB-1619-4647-BA40-3CD1D87FD774}.test|x64.ActiveCfg = test|x64
		{17BFEFFB-1619-4647-BA40-3CD1D87FD774}.test|x64.Build.0 = test|x64
		{17BFEFFB-1619-4647-BA40-3CD1D87FD774}.test|x86.ActiveCfg = test|x86
		{17BFEFFB-1619-4647-BA40-3CD1D87FD774}.test|x86.Build.0 = test|x86
	EndGlobalSection
	GlobalSection(SolutionProperties) = preSolution
		HideSolutionNode = FALSE
	EndGlobalSection
	GlobalSection(ExtensibilityGlobals) = postSolution
		SolutionGuid = {AEFDB3BC-F267-4DE0-9311-73DE214EBEFB}
	EndGlobalSection
EndGlobal
